lockfileVersion: '9.0'

settings:
  autoInstallPeers: true
  excludeLinksFromLockfile: false

importers:

  .:
    dependencies:
      '@browsermt/bergamot-translator':
        specifier: 0.4.9
        version: 0.4.9
      '@earendil-works/pi-tui':
        specifier: 0.74.0
        version: 0.74.0

packages:

  '@browsermt/bergamot-translator@0.4.9':
    resolution: {integrity: sha512-bNuuCwM/JnsIYQCKXcYKFT4Qc5vLMoB8Nbvz8ReIgs7xzebK8Sa+R8iEK8mLvNBe/WaZ6zrPaUQilLsRT/ea8Q==}

  '@earendil-works/pi-tui@0.74.0':
    resolution: {integrity: sha512-1aIfXZp7D/z+1VlZX8BZcs6pgO8rjmil7kwyhctNDsWvce3Yfl8GVgu4eq+I0Mjhr8Cj+ipBiv9CLIzdoyCOIQ==}
    engines: {node: '>=20.0.0'}

  '@types/mime-types@2.1.4':
    resolution: {integrity: sha512-lfU4b34HOri+kAY5UheuFMWPDOI+OPceBSHZKp69gEyTL/mmJ4cnU6Y/rlme3UL3GyOn6Y42hyIEw0/q8sWx5w==}

  chalk@5.6.2:
    resolution: {integrity: sha512-7NzBL0rN6fMUW+f7A6Io4h40qQlG+xGmtMxfbnH/K7TAtt8JQWVQK+6g0UXKMeVJoyV5EkkNsErQ8pVD3bLHbA==}
    engines: {node: ^12.17.0 || ^14.13 || >=16.0.0}

  get-east-asian-width@1.6.0:
    resolution: {integrity: sha512-QRbvDIbx6YklUe6RxeTeleMR0yv3cYH6PsPZHcnVn7xv7zO1BHN8r0XETu8n6Ye3Q+ahtSarc3WgtNWmehIBfA==}
    engines: {node: '>=18'}

  koffi@2.16.2:
    resolution: {integrity: sha512-owU0MRwv6xkrVqCd+33uw6BaYppkTRXbO/rVdJNI2dvZG0gzyRhYwW25eWtc5pauwK8TGh3AbkFONSezdykfSA==}

  marked@15.0.12:
    resolution: {integrity: sha512-8dD6FusOQSrpv9Z1rdNMdlSgQOIP880DHqnohobOmYLElGEqAL/JvxvuxZO16r4HtjTlfPRDC1hbvxC9dPN2nA==}
    engines: {node: '>= 18'}
    hasBin: true

  mime-db@1.54.0:
    resolution: {integrity: sha512-aU5EJuIN2WDemCcAp2vFBfp/m4EAhWJnUNSSw0ixs7/kXbd6Pg64EmwJkNdFhB8aWt1sH2CTXrLxo/iAGV3oPQ==}
    engines: {node: '>= 0.6'}

  mime-types@3.0.2:
    resolution: {integrity: sha512-Lbgzdk0h4juoQ9fCKXW4by0UJqj+nOOrI9MJ1sSj4nI8aI2eo1qmvQEie4VD1glsS250n15LsWsYtCugiStS5A==}
    engines: {node: '>=18'}

snapshots:

  '@browsermt/bergamot-translator@0.4.9': {}

  '@earendil-works/pi-tui@0.74.0':
    dependencies:
      '@types/mime-types': 2.1.4
      chalk: 5.6.2
      get-east-asian-width: 1.6.0
      marked: 15.0.12
      mime-types: 3.0.2
    optionalDependencies:
      koffi: 2.16.2

  '@types/mime-types@2.1.4': {}

  chalk@5.6.2: {}

  get-east-asian-width@1.6.0: {}

  koffi@2.16.2:
    optional: true

  marked@15.0.12: {}

  mime-db@1.54.0: {}

  mime-types@3.0.2:
    dependencies:
      mime-db: 1.54.0
